// !$*UTF8*$!
{
	archiveVersion = 1;
	classes = {
	};
	objectVersion = 55;
	objects = {

/* Begin PBXBuildFile section */
		5BC8166D28B25E5E0052B1AF /* ChargingStationsApp.swift in Sources */ = {isa = PBXBuildFile; fileRef = 5BC8166C28B25E5E0052B1AF /* ChargingStationsApp.swift */; };
		5BC8166F28B25E5E0052B1AF /* ContentView.swift in Sources */ = {isa = PBXBuildFile; fileRef = 5BC8166E28B25E5E0052B1AF /* ContentView.swift */; };
		5BC8167128B25E610052B1AF /* Assets.xcassets in Resources */ = {isa = PBXBuildFile; fileRef = 5BC8167028B25E610052B1AF /* Assets.xcassets */; };
		5BC8167428B25E610052B1AF /* Preview Assets.xcassets in Resources */ = {isa = PBXBuildFile; fileRef = 5BC8167328B25E610052B1AF /* Preview Assets.xcassets */; };
		5BC8167C28B260B30052B1AF /* AddressInfoDTO.swift in Sources */ = {isa = PBXBuildFile; fileRef = 5BC8167B28B260B30052B1AF /* AddressInfoDTO.swift */; };
		5BC8167E28B261320052B1AF /* PointOfInterestDTO.swift in Sources */ = {isa = PBXBuildFile; fileRef = 5BC8167D28B261320052B1AF /* PointOfInterestDTO.swift */; };
		5BC8168128B261D60052B1AF /* PointOfInterestBO.swift in Sources */ = {isa = PBXBuildFile; fileRef = 5BC8168028B261D60052B1AF /* PointOfInterestBO.swift */; };
		5BC8168328B264190052B1AF /* ChargingStations.swift in Sources */ = {isa = PBXBuildFile; fileRef = 5BC8168228B264190052B1AF /* ChargingStations.swift */; };
		5BC8168528B264FD0052B1AF /* Error.swift in Sources */ = {isa = PBXBuildFile; fileRef = 5BC8168428B264FD0052B1AF /* Error.swift */; };
		5BC8168828B266810052B1AF /* ChargingStationsViewModel.swift in Sources */ = {isa = PBXBuildFile; fileRef = 5BC8168728B266810052B1AF /* ChargingStationsViewModel.swift */; };
		5BC8168A28B2673B0052B1AF /* ViewModelState.swift in Sources */ = {isa = PBXBuildFile; fileRef = 5BC8168928B2673B0052B1AF /* ViewModelState.swift */; };
		5BC8169228B26A6B0052B1AF /* ChargingStationsServiceProtocol.swift in Sources */ = {isa = PBXBuildFile; fileRef = 5BC8169128B26A6B0052B1AF /* ChargingStationsServiceProtocol.swift */; };
		5BC8169428B26B6F0052B1AF /* ChargingStationsService.swift in Sources */ = {isa = PBXBuildFile; fileRef = 5BC8169328B26B6F0052B1AF /* ChargingStationsService.swift */; };
		5BC8169628B26BDB0052B1AF /* API.swift in Sources */ = {isa = PBXBuildFile; fileRef = 5BC8169528B26BDB0052B1AF /* API.swift */; };
		5BC8169828B26E310052B1AF /* LocationCoordinate.swift in Sources */ = {isa = PBXBuildFile; fileRef = 5BC8169728B26E310052B1AF /* LocationCoordinate.swift */; };
		5BC8169A28B277A70052B1AF /* String+Custom.swift in Sources */ = {isa = PBXBuildFile; fileRef = 5BC8169928B277A70052B1AF /* String+Custom.swift */; };
		5BC816A228B27F910052B1AF /* ChargingStationsTests.swift in Sources */ = {isa = PBXBuildFile; fileRef = 5BC816A128B27F910052B1AF /* ChargingStationsTests.swift */; };
		5BC816A928B27FE90052B1AF /* MockChargingStationService.swift in Sources */ = {isa = PBXBuildFile; fileRef = 5BC816A828B27FE90052B1AF /* MockChargingStationService.swift */; };
/* End PBXBuildFile section */

/* Begin PBXContainerItemProxy section */
		5BC816A328B27F910052B1AF /* PBXContainerItemProxy */ = {
			isa = PBXContainerItemProxy;
			containerPortal = 5BC8166128B25E5E0052B1AF /* Project object */;
			proxyType = 1;
			remoteGlobalIDString = 5BC8166828B25E5E0052B1AF;
			remoteInfo = ChargingStations;
		};
/* End PBXContainerItemProxy section */

/* Begin PBXFileReference section */
		5BC8166928B25E5E0052B1AF /* ChargingStations.app */ = {isa = PBXFileReference; explicitFileType = wrapper.application; includeInIndex = 0; path = ChargingStations.app; sourceTree = BUILT_PRODUCTS_DIR; };
		5BC8166C28B25E5E0052B1AF /* ChargingStationsApp.swift */ = {isa = PBXFileReference; lastKnownFileType = sourcecode.swift; path = ChargingStationsApp.swift; sourceTree = "<group>"; };
		5BC8166E28B25E5E0052B1AF /* ContentView.swift */ = {isa = PBXFileReference; lastKnownFileType = sourcecode.swift; path = ContentView.swift; sourceTree = "<group>"; };
		5BC8167028B25E610052B1AF /* Assets.xcassets */ = {isa = PBXFileReference; lastKnownFileType = folder.assetcatalog; path = Assets.xcassets; sourceTree = "<group>"; };
		5BC8167328B25E610052B1AF /* Preview Assets.xcassets */ = {isa = PBXFileReference; lastKnownFileType = folder.assetcatalog; path = "Preview Assets.xcassets"; sourceTree = "<group>"; };
		5BC8167B28B260B30052B1AF /* AddressInfoDTO.swift */ = {isa = PBXFileReference; lastKnownFileType = sourcecode.swift; path = AddressInfoDTO.swift; sourceTree = "<group>"; };
		5BC8167D28B261320052B1AF /* PointOfInterestDTO.swift */ = {isa = PBXFileReference; lastKnownFileType = sourcecode.swift; path = PointOfInterestDTO.swift; sourceTree = "<group>"; };
		5BC8168028B261D60052B1AF /* PointOfInterestBO.swift */ = {isa = PBXFileReference; lastKnownFileType = sourcecode.swift; path = PointOfInterestBO.swift; sourceTree = "<group>"; };
		5BC8168228B264190052B1AF /* ChargingStations.swift */ = {isa = PBXFileReference; lastKnownFileType = sourcecode.swift; path = ChargingStations.swift; sourceTree = "<group>"; };
		5BC8168428B264FD0052B1AF /* Error.swift */ = {isa = PBXFileReference; lastKnownFileType = sourcecode.swift; path = Error.swift; sourceTree = "<group>"; };
		5BC8168728B266810052B1AF /* ChargingStationsViewModel.swift */ = {isa = PBXFileReference; lastKnownFileType = sourcecode.swift; path = ChargingStationsViewModel.swift; sourceTree = "<group>"; };
		5BC8168928B2673B0052B1AF /* ViewModelState.swift */ = {isa = PBXFileReference; lastKnownFileType = sourcecode.swift; path = ViewModelState.swift; sourceTree = "<group>"; };
		5BC8169128B26A6B0052B1AF /* ChargingStationsServiceProtocol.swift */ = {isa = PBXFileReference; lastKnownFileType = sourcecode.swift; path = ChargingStationsServiceProtocol.swift; sourceTree = "<group>"; };
		5BC8169328B26B6F0052B1AF /* ChargingStationsService.swift */ = {isa = PBXFileReference; lastKnownFileType = sourcecode.swift; path = ChargingStationsService.swift; sourceTree = "<group>"; };
		5BC8169528B26BDB0052B1AF /* API.swift */ = {isa = PBXFileReference; lastKnownFileType = sourcecode.swift; path = API.swift; sourceTree = "<group>"; };
		5BC8169728B26E310052B1AF /* LocationCoordinate.swift */ = {isa = PBXFileReference; lastKnownFileType = sourcecode.swift; path = LocationCoordinate.swift; sourceTree = "<group>"; };
		5BC8169928B277A70052B1AF /* String+Custom.swift */ = {isa = PBXFileReference; lastKnownFileType = sourcecode.swift; path = "String+Custom.swift"; sourceTree = "<group>"; };
		5BC8169F28B27F910052B1AF /* ChargingStationsTests.xctest */ = {isa = PBXFileReference; explicitFileType = wrapper.cfbundle; includeInIndex = 0; path = ChargingStationsTests.xctest; sourceTree = BUILT_PRODUCTS_DIR; };
		5BC816A128B27F910052B1AF /* ChargingStationsTests.swift */ = {isa = PBXFileReference; lastKnownFileType = sourcecode.swift; path = ChargingStationsTests.swift; sourceTree = "<group>"; };
		5BC816A828B27FE90052B1AF /* MockChargingStationService.swift */ = {isa = PBXFileReference; lastKnownFileType = sourcecode.swift; path = MockChargingStationService.swift; sourceTree = "<group>"; };
/* End PBXFileReference section */

/* Begin PBXFrameworksBuildPhase section */
		5BC8166628B25E5E0052B1AF /* Frameworks */ = {
			isa = PBXFrameworksBuildPhase;
			buildActionMask = 2147483647;
			files = (
			);
			runOnlyForDeploymentPostprocessing = 0;
		};
		5BC8169C28B27F910052B1AF /* Frameworks */ = {
			isa = PBXFrameworksBuildPhase;
			buildActionMask = 2147483647;
			files = (
			);
			runOnlyForDeploymentPostprocessing = 0;
		};
/* End PBXFrameworksBuildPhase section */

/* Begin PBXGroup section */
		5BC8166028B25E5E0052B1AF = {
			isa = PBXGroup;
			children = (
				5BC8166B28B25E5E0052B1AF /* ChargingStations */,
				5BC816A028B27F910052B1AF /* ChargingStationsTests */,
				5BC8166A28B25E5E0052B1AF /* Products */,
			);
			sourceTree = "<group>";
		};
		5BC8166A28B25E5E0052B1AF /* Products */ = {
			isa = PBXGroup;
			children = (
				5BC8166928B25E5E0052B1AF /* ChargingStations.app */,
				5BC8169F28B27F910052B1AF /* ChargingStationsTests.xctest */,
			);
			name = Products;
			sourceTree = "<group>";
		};
		5BC8166B28B25E5E0052B1AF /* ChargingStations */ = {
			isa = PBXGroup;
			children = (
				5BC8169028B26A500052B1AF /* Service */,
				5BC8168B28B267DE0052B1AF /* Extensions */,
				5BC8167A28B2604F0052B1AF /* Models */,
				5BC8168628B265FA0052B1AF /* ViewModel */,
				5BC8166C28B25E5E0052B1AF /* ChargingStationsApp.swift */,
				5BC8166E28B25E5E0052B1AF /* ContentView.swift */,
				5BC8167028B25E610052B1AF /* Assets.xcassets */,
				5BC8167228B25E610052B1AF /* Preview Content */,
			);
			path = ChargingStations;
			sourceTree = "<group>";
		};
		5BC8167228B25E610052B1AF /* Preview Content */ = {
			isa = PBXGroup;
			children = (
				5BC8167328B25E610052B1AF /* Preview Assets.xcassets */,
			);
			path = "Preview Content";
			sourceTree = "<group>";
		};
		5BC8167A28B2604F0052B1AF /* Models */ = {
			isa = PBXGroup;
			children = (
				5BC8167B28B260B30052B1AF /* AddressInfoDTO.swift */,
				5BC8167D28B261320052B1AF /* PointOfInterestDTO.swift */,
				5BC8168028B261D60052B1AF /* PointOfInterestBO.swift */,
				5BC8168228B264190052B1AF /* ChargingStations.swift */,
				5BC8169728B26E310052B1AF /* LocationCoordinate.swift */,
				5BC8168428B264FD0052B1AF /* Error.swift */,
			);
			path = Models;
			sourceTree = "<group>";
		};
		5BC8168628B265FA0052B1AF /* ViewModel */ = {
			isa = PBXGroup;
			children = (
				5BC8168728B266810052B1AF /* ChargingStationsViewModel.swift */,
				5BC8168928B2673B0052B1AF /* ViewModelState.swift */,
			);
			path = ViewModel;
			sourceTree = "<group>";
		};
		5BC8168B28B267DE0052B1AF /* Extensions */ = {
			isa = PBXGroup;
			children = (
				5BC8169928B277A70052B1AF /* String+Custom.swift */,
			);
			path = Extensions;
			sourceTree = "<group>";
		};
		5BC8169028B26A500052B1AF /* Service */ = {
			isa = PBXGroup;
			children = (
				5BC8169128B26A6B0052B1AF /* ChargingStationsServiceProtocol.swift */,
				5BC8169328B26B6F0052B1AF /* ChargingStationsService.swift */,
				5BC8169528B26BDB0052B1AF /* API.swift */,
			);
			path = Service;
			sourceTree = "<group>";
		};
		5BC816A028B27F910052B1AF /* ChargingStationsTests */ = {
			isa = PBXGroup;
			children = (
				5BC816A128B27F910052B1AF /* ChargingStationsTests.swift */,
				5BC816A828B27FE90052B1AF /* MockChargingStationService.swift */,
			);
			path = ChargingStationsTests;
			sourceTree = "<group>";
		};
/* End PBXGroup section */

/* Begin PBXNativeTarget section */
		5BC8166828B25E5E0052B1AF /* ChargingStations */ = {
			isa = PBXNativeTarget;
			buildConfigurationList = 5BC8167728B25E610052B1AF /* Build configuration list for PBXNativeTarget "ChargingStations" */;
			buildPhases = (
				5BC8166528B25E5E0052B1AF /* Sources */,
				5BC8166628B25E5E0052B1AF /* Frameworks */,
				5BC8166728B25E5E0052B1AF /* Resources */,
			);
			buildRules = (
			);
			dependencies = (
			);
			name = ChargingStations;
			productName = ChargingStations;
			productReference = 5BC8166928B25E5E0052B1AF /* ChargingStations.app */;
			productType = "com.apple.product-type.application";
		};
		5BC8169E28B27F910052B1AF /* ChargingStationsTests */ = {
			isa = PBXNativeTarget;
			buildConfigurationList = 5BC816A528B27F910052B1AF /* Build configuration list for PBXNativeTarget "ChargingStationsTests" */;
			buildPhases = (
				5BC8169B28B27F910052B1AF /* Sources */,
				5BC8169C28B27F910052B1AF /* Frameworks */,
				5BC8169D28B27F910052B1AF /* Resources */,
			);
			buildRules = (
			);
			dependencies = (
				5BC816A428B27F910052B1AF /* PBXTargetDependency */,
			);
			name = ChargingStationsTests;
			productName = ChargingStationsTests;
			productReference = 5BC8169F28B27F910052B1AF /* ChargingStationsTests.xctest */;
			productType = "com.apple.product-type.bundle.unit-test";
		};
/* End PBXNativeTarget section */

/* Begin PBXProject section */
		5BC8166128B25E5E0052B1AF /* Project object */ = {
			isa = PBXProject;
			attributes = {
				BuildIndependentTargetsInParallel = 1;
				LastSwiftUpdateCheck = 1340;
				LastUpgradeCheck = 1340;
				TargetAttributes = {
					5BC8166828B25E5E0052B1AF = {
						CreatedOnToolsVersion = 13.4.1;
					};
					5BC8169E28B27F910052B1AF = {
						CreatedOnToolsVersion = 13.4.1;
						TestTargetID = 5BC8166828B25E5E0052B1AF;
					};
				};
			};
			buildConfigurationList = 5BC8166428B25E5E0052B1AF /* Build configuration list for PBXProject "ChargingStations" */;
			compatibilityVersion = "Xcode 13.0";
			developmentRegion = en;
			hasScannedForEncodings = 0;
			knownRegions = (
				en,
				Base,
			);
			mainGroup = 5BC8166028B25E5E0052B1AF;
			productRefGroup = 5BC8166A28B25E5E0052B1AF /* Products */;
			projectDirPath = "";
			projectRoot = "";
			targets = (
				5BC8166828B25E5E0052B1AF /* ChargingStations */,
				5BC8169E28B27F910052B1AF /* ChargingStationsTests */,
			);
		};
/* End PBXProject section */

/* Begin PBXResourcesBuildPhase section */
		5BC8166728B25E5E0052B1AF /* Resources */ = {
			isa = PBXResourcesBuildPhase;
			buildActionMask = 2147483647;
			files = (
				5BC8167428B25E610052B1AF /* Preview Assets.xcassets in Resources */,
				5BC8167128B25E610052B1AF /* Assets.xcassets in Resources */,
			);
			runOnlyForDeploymentPostprocessing = 0;
		};
		5BC8169D28B27F910052B1AF /* Resources */ = {
			isa = PBXResourcesBuildPhase;
			buildActionMask = 2147483647;
			files = (
			);
			runOnlyForDeploymentPostprocessing = 0;
		};
/* End PBXResourcesBuildPhase section */

/* Begin PBXSourcesBuildPhase section */
		5BC8166528B25E5E0052B1AF /* Sources */ = {
			isa = PBXSourcesBuildPhase;
			buildActionMask = 2147483647;
			files = (
				5BC8169828B26E310052B1AF /* LocationCoordinate.swift in Sources */,
				5BC8166F28B25E5E0052B1AF /* ContentView.swift in Sources */,
				5BC8168328B264190052B1AF /* ChargingStations.swift in Sources */,
				5BC8169A28B277A70052B1AF /* String+Custom.swift in Sources */,
				5BC8166D28B25E5E0052B1AF /* ChargingStationsApp.swift in Sources */,
				5BC8167C28B260B30052B1AF /* AddressInfoDTO.swift in Sources */,
				5BC8169628B26BDB0052B1AF /* API.swift in Sources */,
				5BC8168128B261D60052B1AF /* PointOfInterestBO.swift in Sources */,
				5BC8168528B264FD0052B1AF /* Error.swift in Sources */,
				5BC8169428B26B6F0052B1AF /* ChargingStationsService.swift in Sources */,
				5BC8168828B266810052B1AF /* ChargingStationsViewModel.swift in Sources */,
				5BC8167E28B261320052B1AF /* PointOfInterestDTO.swift in Sources */,
				5BC8168A28B2673B0052B1AF /* ViewModelState.swift in Sources */,
				5BC8169228B26A6B0052B1AF /* ChargingStationsServiceProtocol.swift in Sources */,
			);
			runOnlyForDeploymentPostprocessing = 0;
		};
		5BC8169B28B27F910052B1AF /* Sources */ = {
			isa = PBXSourcesBuildPhase;
			buildActionMask = 2147483647;
			files = (
				5BC816A928B27FE90052B1AF /* MockChargingStationService.swift in Sources */,
				5BC816A228B27F910052B1AF /* ChargingStationsTests.swift in Sources */,
			);
			runOnlyForDeploymentPostprocessing = 0;
		};
/* End PBXSourcesBuildPhase section */

/* Begin PBXTargetDependency section */
		5BC816A428B27F910052B1AF /* PBXTargetDependency */ = {
			isa = PBXTargetDependency;
			target = 5BC8166828B25E5E0052B1AF /* ChargingStations */;
			targetProxy = 5BC816A328B27F910052B1AF /* PBXContainerItemProxy */;
		};
/* End PBXTargetDependency section */

/* Begin XCBuildConfiguration section */
		5BC8167528B25E610052B1AF /* Debug */ = {
			isa = XCBuildConfiguration;
			buildSettings = {
				ALWAYS_SEARCH_USER_PATHS = NO;
				CLANG_ANALYZER_NONNULL = YES;
				CLANG_ANALYZER_NUMBER_OBJECT_CONVERSION = YES_AGGRESSIVE;
				CLANG_CXX_LANGUAGE_STANDARD = "gnu++17";
				CLANG_ENABLE_MODULES = YES;
				CLANG_ENABLE_OBJC_ARC = YES;
				CLANG_ENABLE_OBJC_WEAK = YES;
				CLANG_WARN_BLOCK_CAPTURE_AUTORELEASING = YES;
				CLANG_WARN_BOOL_CONVERSION = YES;
				CLANG_WARN_COMMA = YES;
				CLANG_WARN_CONSTANT_CONVERSION = YES;
				CLANG_WARN_DEPRECATED_OBJC_IMPLEMENTATIONS = YES;
				CLANG_WARN_DIRECT_OBJC_ISA_USAGE = YES_ERROR;
				CLANG_WARN_DOCUMENTATION_COMMENTS = YES;
				CLANG_WARN_EMPTY_BODY = YES;
				CLANG_WARN_ENUM_CONVERSION = YES;
				CLANG_WARN_INFINITE_RECURSION = YES;
				CLANG_WARN_INT_CONVERSION = YES;
				CLANG_WARN_NON_LITERAL_NULL_CONVERSION = YES;
				CLANG_WARN_OBJC_IMPLICIT_RETAIN_SELF = YES;
				CLANG_WARN_OBJC_LITERAL_CONVERSION = YES;
				CLANG_WARN_OBJC_ROOT_CLASS = YES_ERROR;
				CLANG_WARN_QUOTED_INCLUDE_IN_FRAMEWORK_HEADER = YES;
				CLANG_WARN_RANGE_LOOP_ANALYSIS = YES;
				CLANG_WARN_STRICT_PROTOTYPES = YES;
				CLANG_WARN_SUSPICIOUS_MOVE = YES;
				CLANG_WARN_UNGUARDED_AVAILABILITY = YES_AGGRESSIVE;
				CLANG_WARN_UNREACHABLE_CODE = YES;
				CLANG_WARN__DUPLICATE_METHOD_MATCH = YES;
				COPY_PHASE_STRIP = NO;
				DEBUG_INFORMATION_FORMAT = dwarf;
				ENABLE_STRICT_OBJC_MSGSEND = YES;
				ENABLE_TESTABILITY = YES;
				GCC_C_LANGUAGE_STANDARD = gnu11;
				GCC_DYNAMIC_NO_PIC = NO;
				GCC_NO_COMMON_BLOCKS = YES;
				GCC_OPTIMIZATION_LEVEL = 0;
				GCC_PREPROCESSOR_DEFINITIONS = (
					"DEBUG=1",
					"$(inherited)",
				);
				GCC_WARN_64_TO_32_BIT_CONVERSION = YES;
				GCC_WARN_ABOUT_RETURN_TYPE = YES_ERROR;
				GCC_WARN_UNDECLARED_SELECTOR = YES;
				GCC_WARN_UNINITIALIZED_AUTOS = YES_AGGRESSIVE;
				GCC_WARN_UNUSED_FUNCTION = YES;
				GCC_WARN_UNUSED_VARIABLE = YES;
				IPHONEOS_DEPLOYMENT_TARGET = 15.5;
				MTL_ENABLE_DEBUG_INFO = INCLUDE_SOURCE;
				MTL_FAST_MATH = YES;
				ONLY_ACTIVE_ARCH = YES;
				SDKROOT = iphoneos;
				SWIFT_ACTIVE_COMPILATION_CONDITIONS = DEBUG;
				SWIFT_OPTIMIZATION_LEVEL = "-Onone";
			};
			name = Debug;
		};
		5BC8167628B25E610052B1AF /* Release */ = {
			isa = XCBuildConfiguration;
			buildSettings = {
				ALWAYS_SEARCH_USER_PATHS = NO;
				CLANG_ANALYZER_NONNULL = YES;
				CLANG_ANALYZER_NUMBER_OBJECT_CONVERSION = YES_AGGRESSIVE;
				CLANG_CXX_LANGUAGE_STANDARD = "gnu++17";
				CLANG_ENABLE_MODULES = YES;
				CLANG_ENABLE_OBJC_ARC = YES;
				CLANG_ENABLE_OBJC_WEAK = YES;
				CLANG_WARN_BLOCK_CAPTURE_AUTORELEASING = YES;
				CLANG_WARN_BOOL_CONVERSION = YES;
				CLANG_WARN_COMMA = YES;
				CLANG_WARN_CONSTANT_CONVERSION = YES;
				CLANG_WARN_DEPRECATED_OBJC_IMPLEMENTATIONS = YES;
				CLANG_WARN_DIRECT_OBJC_ISA_USAGE = YES_ERROR;
				CLANG_WARN_DOCUMENTATION_COMMENTS = YES;
				CLANG_WARN_EMPTY_BODY = YES;
				CLANG_WARN_ENUM_CONVERSION = YES;
				CLANG_WARN_INFINITE_RECURSION = YES;
				CLANG_WARN_INT_CONVERSION = YES;
				CLANG_WARN_NON_LITERAL_NULL_CONVERSION = YES;
				CLANG_WARN_OBJC_IMPLICIT_RETAIN_SELF = YES;
				CLANG_WARN_OBJC_LITERAL_CONVERSION = YES;
				CLANG_WARN_OBJC_ROOT_CLASS = YES_ERROR;
				CLANG_WARN_QUOTED_INCLUDE_IN_FRAMEWORK_HEADER = YES;
				CLANG_WARN_RANGE_LOOP_ANALYSIS = YES;
				CLANG_WARN_STRICT_PROTOTYPES = YES;
				CLANG_WARN_SUSPICIOUS_MOVE = YES;
				CLANG_WARN_UNGUARDED_AVAILABILITY = YES_AGGRESSIVE;
				CLANG_WARN_UNREACHABLE_CODE = YES;
				CLANG_WARN__DUPLICATE_METHOD_MATCH = YES;
				COPY_PHASE_STRIP = NO;
				DEBUG_INFORMATION_FORMAT = "dwarf-with-dsym";
				ENABLE_NS_ASSERTIONS = NO;
				ENABLE_STRICT_OBJC_MSGSEND = YES;
				GCC_C_LANGUAGE_STANDARD = gnu11;
				GCC_NO_COMMON_BLOCKS = YES;
				GCC_WARN_64_TO_32_BIT_CONVERSION = YES;
				GCC_WARN_ABOUT_RETURN_TYPE = YES_ERROR;
				GCC_WARN_UNDECLARED_SELECTOR = YES;
				GCC_WARN_UNINITIALIZED_AUTOS = YES_AGGRESSIVE;
				GCC_WARN_UNUSED_FUNCTION = YES;
				GCC_WARN_UNUSED_VARIABLE = YES;
				IPHONEOS_DEPLOYMENT_TARGET = 15.5;
				MTL_ENABLE_DEBUG_INFO = NO;
				MTL_FAST_MATH = YES;
				SDKROOT = iphoneos;
				SWIFT_COMPILATION_MODE = wholemodule;
				SWIFT_OPTIMIZATION_LEVEL = "-O";
				VALIDATE_PRODUCT = YES;
			};
			name = Release;
		};
		5BC8167828B25E610052B1AF /* Debug */ = {
			isa = XCBuildConfiguration;
			buildSettings = {
				ASSETCATALOG_COMPILER_APPICON_NAME = AppIcon;
				ASSETCATALOG_COMPILER_GLOBAL_ACCENT_COLOR_NAME = AccentColor;
				CODE_SIGN_STYLE = Automatic;
				CURRENT_PROJECT_VERSION = 1;
				DEVELOPMENT_ASSET_PATHS = "\"ChargingStations/Preview Content\"";
				DEVELOPMENT_TEAM = F7RWFZ45WK;
				ENABLE_PREVIEWS = YES;
				GENERATE_INFOPLIST_FILE = YES;
				INFOPLIST_KEY_UIApplicationSceneManifest_Generation = YES;
				INFOPLIST_KEY_UIApplicationSupportsIndirectInputEvents = YES;
				INFOPLIST_KEY_UILaunchScreen_Generation = YES;
				INFOPLIST_KEY_UISupportedInterfaceOrientations_iPad = "UIInterfaceOrientationPortrait UIInterfaceOrientationPortraitUpsideDown UIInterfaceOrientationLandscapeLeft UIInterfaceOrientationLandscapeRight";
				INFOPLIST_KEY_UISupportedInterfaceOrientations_iPhone = "UIInterfaceOrientationPortrait UIInterfaceOrientationLandscapeLeft UIInterfaceOrientationLandscapeRight";
				LD_RUNPATH_SEARCH_PATHS = (
					"$(inherited)",
					"@executable_path/Frameworks",
				);
				MARKETING_VERSION = 1.0;
				PRODUCT_BUNDLE_IDENTIFIER = com.fawzy.ChargingStations;
				PRODUCT_NAME = "$(TARGET_NAME)";
				SWIFT_EMIT_LOC_STRINGS = YES;
				SWIFT_VERSION = 5.0;
				TARGETED_DEVICE_FAMILY = "1,2";
			};
			name = Debug;
		};
		5BC8167928B25E610052B1AF /* Release */ = {
			isa = XCBuildConfiguration;
			buildSettings = {
				ASSETCATALOG_COMPILER_APPICON_NAME = AppIcon;
				ASSETCATALOG_COMPILER_GLOBAL_ACCENT_COLOR_NAME = AccentColor;
				CODE_SIGN_STYLE = Automatic;
				CURRENT_PROJECT_VERSION = 1;
				DEVELOPMENT_ASSET_PATHS = "\"ChargingStations/Preview Content\"";
				DEVELOPMENT_TEAM = F7RWFZ45WK;
				ENABLE_PREVIEWS = YES;
				GENERATE_INFOPLIST_FILE = YES;
				INFOPLIST_KEY_UIApplicationSceneManifest_Generation = YES;
				INFOPLIST_KEY_UIApplicationSupportsIndirectInputEvents = YES;
				INFOPLIST_KEY_UILaunchScreen_Generation = YES;
				INFOPLIST_KEY_UISupportedInterfaceOrientations_iPad = "UIInterfaceOrientationPortrait UIInterfaceOrientationPortraitUpsideDown UIInterfaceOrientationLandscapeLeft UIInterfaceOrientationLandscapeRight";
				INFOPLIST_KEY_UISupportedInterfaceOrientations_iPhone = "UIInterfaceOrientationPortrait UIInterfaceOrientationLandscapeLeft UIInterfaceOrientationLandscapeRight";
				LD_RUNPATH_SEARCH_PATHS = (
					"$(inherited)",
					"@executable_path/Frameworks",
				);
				MARKETING_VERSION = 1.0;
				PRODUCT_BUNDLE_IDENTIFIER = com.fawzy.ChargingStations;
				PRODUCT_NAME = "$(TARGET_NAME)";
				SWIFT_EMIT_LOC_STRINGS = YES;
				SWIFT_VERSION = 5.0;
				TARGETED_DEVICE_FAMILY = "1,2";
			};
			name = Release;
		};
		5BC816A628B27F910052B1AF /* Debug */ = {
			isa = XCBuildConfiguration;
			buildSettings = {
				BUNDLE_LOADER = "$(TEST_HOST)";
				CODE_SIGN_STYLE = Automatic;
				CURRENT_PROJECT_VERSION = 1;
				DEVELOPMENT_TEAM = F7RWFZ45WK;
				GENERATE_INFOPLIST_FILE = YES;
				MARKETING_VERSION = 1.0;
				PRODUCT_BUNDLE_IDENTIFIER = com.fawzy.ChargingStationsTests;
				PRODUCT_NAME = "$(TARGET_NAME)";
				SWIFT_EMIT_LOC_STRINGS = NO;
				SWIFT_VERSION = 5.0;
				TARGETED_DEVICE_FAMILY = "1,2";
				TEST_HOST = "$(BUILT_PRODUCTS_DIR)/ChargingStations.app/ChargingStations";
			};
			name = Debug;
		};
		5BC816A728B27F910052B1AF /* Release */ = {
			isa = XCBuildConfiguration;
			buildSettings = {
				BUNDLE_LOADER = "$(TEST_HOST)";
				CODE_SIGN_STYLE = Automatic;
				CURRENT_PROJECT_VERSION = 1;
				DEVELOPMENT_TEAM = F7RWFZ45WK;
				GENERATE_INFOPLIST_FILE = YES;
				MARKETING_VERSION = 1.0;
				PRODUCT_BUNDLE_IDENTIFIER = com.fawzy.ChargingStationsTests;
				PRODUCT_NAME = "$(TARGET_NAME)";
				SWIFT_EMIT_LOC_STRINGS = NO;
				SWIFT_VERSION = 5.0;
				TARGETED_DEVICE_FAMILY = "1,2";
				TEST_HOST = "$(BUILT_PRODUCTS_DIR)/ChargingStations.app/ChargingStations";
			};
			name = Release;
		};
/* End XCBuildConfiguration section */

/* Begin XCConfigurationList section */
		5BC8166428B25E5E0052B1AF /* Build configuration list for PBXProject "ChargingStations" */ = {
			isa = XCConfigurationList;
			buildConfigurations = (
				5BC8167528B25E610052B1AF /* Debug */,
				5BC8167628B25E610052B1AF /* Release */,
			);
			defaultConfigurationIsVisible = 0;
			defaultConfigurationName = Release;
		};
		5BC8167728B25E610052B1AF /* Build configuration list for PBXNativeTarget "ChargingStations" */ = {
			isa = XCConfigurationList;
			buildConfigurations = (
				5BC8167828B25E610052B1AF /* Debug */,
				5BC8167928B25E610052B1AF /* Release */,
			);
			defaultConfigurationIsVisible = 0;
			defaultConfigurationName = Release;
		};
		5BC816A528B27F910052B1AF /* Build configuration list for PBXNativeTarget "ChargingStationsTests" */ = {
			isa = XCConfigurationList;
			buildConfigurations = (
				5BC816A628B27F910052B1AF /* Debug */,
				5BC816A728B27F910052B1AF /* Release */,
			);
			defaultConfigurationIsVisible = 0;
			defaultConfigurationName = Release;
		};
/* End XCConfigurationList section */
	};
	rootObject = 5BC8166128B25E5E0052B1AF /* Project object */;
}
